dependencies:
  espressif/cmake_utilities:
    component_hash: 351350613ceafba240b761b4ea991e0f231ac7a9f59a9ee901f751bddc0bb18f
    source:
      service_url: https://api.components.espressif.com/
      type: service
    version: 0.5.3
  espressif/esp_lcd_touch:
    component_hash: d4d8f2dc33205797169a97a02e0d89a8982f59fe0509129b54422052b8522f59
    source:
      service_url: https://api.components.espressif.com/
      type: service
    version: 1.1.1
  idf:
    component_hash: null
    source:
      type: idf
    version: 5.1.2
  local/esp_lcd_st7789v:
    component_hash: null
    source:
      path: E:\esp32-project\esp32-lcd-touch-st1615\local_components\local__esp_lcd_st7789v
      type: local
    version: 1.0.0
  local/esp_lcd_touch_st1615:
    component_hash: null
    source:
      path: E:\esp32-project\esp32-lcd-touch-st1615\local_components\local__esp_lcd_touch_st1615
      type: local
    version: 1.0.0
  lvgl/lvgl:
    component_hash: a0525d74dd85092059565b91030daf539a76cce82386972ffebbde67016eb730
    source:
      service_url: https://api.components.espressif.com/
      type: service
    version: 8.3.9
manifest_hash: bf428133f3403c4c4259abd0a27a5e933da2394600f2e53c52cbe7fbb809c955
target: esp32s3
version: 1.0.0
